<?xml version="1.0" encoding="UTF-8"?>
<!DOCTYPE plist PUBLIC "-//Apple//DTD PLIST 1.0//EN" "http://www.apple.com/DTDs/PropertyList-1.0.dtd">
<plist version="1.0">
<dict>
	<key>archiveVersion</key>
	<string>1</string>
	<key>classes</key>
	<dict/>
	<key>objectVersion</key>
	<string>42</string>
	<key>objects</key>
	<dict>
		<key>08FB7793FE84155DC02AAC07</key>
		<dict>
			<key>buildConfigurationList</key>
			<string>EEDCBB2816931534000BB560</string>
			<key>compatibilityVersion</key>
			<string>Xcode 12.0</string>
			<key>developmentRegion</key>
			<string>English</string>
			<key>hasScannedForEncodings</key>
			<string>1</string>
			<key>isa</key>
			<string>PBXProject</string>
			<key>knownRegions</key>
			<array>
				<string>English</string>
				<string>Japanese</string>
				<string>French</string>
				<string>German</string>
			</array>
			<key>mainGroup</key>
			<string>08FB7794FE84155DC02AAC07</string>
			<key>projectDirPath</key>
			<string></string>
			<key>projectRoot</key>
			<string></string>
			<key>targets</key>
			<array>
				<string>8DD76F960486AA7600D96B5E</string>
			</array>
		</dict>
		<key>08FB7794FE84155DC02AAC07</key>
		<dict>
			<key>children</key>
			<array>
				<string>EEDCBE6D16931755000BB560</string>
				<string>EE8244BB1747843C003B8B89</string>
				<string>08FB7795FE84155DC02AAC07</string>
				<string>C6859EA2029092E104C91782</string>
				<string>08FB779DFE84155DC02AAC07</string>
				<string>1AB674ADFE9D54B511CA2CBB</string>
			</array>
			<key>isa</key>
			<string>PBXGroup</string>
			<key>name</key>
			<string>otest</string>
			<key>sourceTree</key>
			<string>&lt;group&gt;</string>
		</dict>
		<key>08FB7795FE84155DC02AAC07</key>
		<dict>
			<key>children</key>
			<array>
				<string>32A70AAB03705E1F00C91783</string>
				<string>E980ED050563BF55006C3836</string>
				<string>E980ED0B0563BF7A006C3836</string>
				<string>E980ED0C0563BF7A006C3836</string>
			</array>
			<key>isa</key>
			<string>PBXGroup</string>
			<key>name</key>
			<string>Source</string>
			<key>sourceTree</key>
			<string>&lt;group&gt;</string>
		</dict>
		<key>08FB779DFE84155DC02AAC07</key>
		<dict>
			<key>children</key>
			<array>
				<string>08FB779EFE84155DC02AAC07</string>
			</array>
			<key>isa</key>
			<string>PBXGroup</string>
			<key>name</key>
			<string>External Frameworks and Libraries</string>
			<key>sourceTree</key>
			<string>&lt;group&gt;</string>
		</dict>
		<key>08FB779EFE84155DC02AAC07</key>
		<dict>
			<key>isa</key>
			<string>PBXFileReference</string>
			<key>lastKnownFileType</key>
			<string>wrapper.framework</string>
			<key>name</key>
			<string>Foundation.framework</string>
			<key>path</key>
			<string>/System/Library/Frameworks/Foundation.framework</string>
			<key>sourceTree</key>
			<string>&lt;absolute&gt;</string>
		</dict>
		<key>1AB674ADFE9D54B511CA2CBB</key>
		<dict>
			<key>children</key>
			<array>
				<string>8DD76FA10486AA7600D96B5E</string>
			</array>
			<key>isa</key>
			<string>PBXGroup</string>
			<key>name</key>
			<string>Products</string>
			<key>sourceTree</key>
			<string>&lt;group&gt;</string>
		</dict>
		<key>32A70AAB03705E1F00C91783</key>
		<dict>
			<key>fileEncoding</key>
			<string>4</string>
			<key>isa</key>
			<string>PBXFileReference</string>
			<key>lastKnownFileType</key>
			<string>sourcecode.c.h</string>
			<key>path</key>
			<string>otest_Prefix.pch</string>
			<key>sourceTree</key>
			<string>&lt;group&gt;</string>
		</dict>
		<key>8DD76F960486AA7600D96B5E</key>
		<dict>
			<key>buildConfigurationList</key>
			<string>EEDCBB2916931534000BB560</string>
			<key>buildPhases</key>
			<array>
				<string>8DD76F970486AA7600D96B5E</string>
				<string>8DD76F990486AA7600D96B5E</string>
				<string>8DD76F9B0486AA7600D96B5E</string>
				<string>8DD76F9D0486AA7600D96B5E</string>
				<string>8DD76F9E0486AA7600D96B5E</string>
				<string>EEDCBE7C1693179B000BB560</string>
			</array>
			<key>buildRules</key>
			<array/>
			<key>dependencies</key>
			<array/>
			<key>isa</key>
			<string>PBXNativeTarget</string>
			<key>name</key>
			<string>otest</string>
			<key>productInstallPath</key>
			<string>$(HOME)/bin</string>
			<key>productName</key>
			<string>otest</string>
			<key>productReference</key>
			<string>8DD76FA10486AA7600D96B5E</string>
			<key>productType</key>
			<string>com.apple.product-type.tool</string>
		</dict>
		<key>8DD76F970486AA7600D96B5E</key>
		<dict>
			<key>buildActionMask</key>
			<string>2147483647</string>
			<key>files</key>
			<array>
				<string>8DD76F980486AA7600D96B5E</string>
				<string>E980ED0D0563BF7A006C3836</string>
			</array>
			<key>isa</key>
			<string>PBXHeadersBuildPhase</string>
			<key>runOnlyForDeploymentPostprocessing</key>
			<string>0</string>
		</dict>
		<key>8DD76F980486AA7600D96B5E</key>
		<dict>
			<key>fileRef</key>
			<string>32A70AAB03705E1F00C91783</string>
			<key>isa</key>
			<string>PBXBuildFile</string>
		</dict>
		<key>8DD76F990486AA7600D96B5E</key>
		<dict>
			<key>buildActionMask</key>
			<string>2147483647</string>
			<key>files</key>
			<array>
				<string>E980ED060563BF55006C3836</string>
				<string>E980ED0E0563BF7A006C3836</string>
			</array>
			<key>isa</key>
			<string>PBXSourcesBuildPhase</string>
			<key>runOnlyForDeploymentPostprocessing</key>
			<string>0</string>
		</dict>
		<key>8DD76F9B0486AA7600D96B5E</key>
		<dict>
			<key>buildActionMask</key>
			<string>2147483647</string>
			<key>files</key>
			<array>
				<string>8DD76F9C0486AA7600D96B5E</string>
			</array>
			<key>isa</key>
			<string>PBXFrameworksBuildPhase</string>
			<key>runOnlyForDeploymentPostprocessing</key>
			<string>0</string>
		</dict>
		<key>8DD76F9C0486AA7600D96B5E</key>
		<dict>
			<key>fileRef</key>
			<string>08FB779EFE84155DC02AAC07</string>
			<key>isa</key>
			<string>PBXBuildFile</string>
		</dict>
		<key>8DD76F9D0486AA7600D96B5E</key>
		<dict>
			<key>buildActionMask</key>
			<string>2147483647</string>
			<key>files</key>
			<array/>
			<key>isa</key>
			<string>PBXRezBuildPhase</string>
			<key>runOnlyForDeploymentPostprocessing</key>
			<string>0</string>
		</dict>
		<key>8DD76F9E0486AA7600D96B5E</key>
		<dict>
			<key>buildActionMask</key>
			<string>8</string>
			<key>dstPath</key>
			<string>/usr/local/man/man1/</string>
			<key>dstSubfolderSpec</key>
			<string>0</string>
			<key>files</key>
			<array>
				<string>8DD76F9F0486AA7600D96B5E</string>
			</array>
			<key>isa</key>
			<string>PBXCopyFilesBuildPhase</string>
			<key>runOnlyForDeploymentPostprocessing</key>
			<string>1</string>
		</dict>
		<key>8DD76F9F0486AA7600D96B5E</key>
		<dict>
			<key>fileRef</key>
			<string>C6859EA3029092ED04C91782</string>
			<key>isa</key>
			<string>PBXBuildFile</string>
		</dict>
		<key>8DD76FA10486AA7600D96B5E</key>
		<dict>
			<key>explicitFileType</key>
			<string>compiled.mach-o.executable</string>
			<key>includeInIndex</key>
			<string>0</string>
			<key>isa</key>
			<string>PBXFileReference</string>
			<key>path</key>
			<string>otest</string>
			<key>sourceTree</key>
			<string>BUILT_PRODUCTS_DIR</string>
		</dict>
		<key>C6859EA2029092E104C91782</key>
		<dict>
			<key>children</key>
			<array>
				<string>C6859EA3029092ED04C91782</string>
			</array>
			<key>isa</key>
			<string>PBXGroup</string>
			<key>name</key>
			<string>Documentation</string>
			<key>sourceTree</key>
			<string>&lt;group&gt;</string>
		</dict>
		<key>C6859EA3029092ED04C91782</key>
		<dict>
			<key>isa</key>
			<string>PBXFileReference</string>
			<key>lastKnownFileType</key>
			<string>text.man</string>
			<key>path</key>
			<string>otest.1</string>
			<key>sourceTree</key>
			<string>&lt;group&gt;</string>
		</dict>
		<key>E980ED050563BF55006C3836</key>
		<dict>
			<key>fileEncoding</key>
			<string>30</string>
			<key>isa</key>
			<string>PBXFileReference</string>
			<key>lastKnownFileType</key>
			<string>sourcecode.c.objc</string>
			<key>path</key>
			<string>otest_main.m</string>
			<key>sourceTree</key>
			<string>&lt;group&gt;</string>
		</dict>
		<key>E980ED060563BF55006C3836</key>
		<dict>
			<key>fileRef</key>
			<string>E980ED050563BF55006C3836</string>
			<key>isa</key>
			<string>PBXBuildFile</string>
		</dict>
		<key>E980ED0B0563BF7A006C3836</key>
		<dict>
			<key>fileEncoding</key>
			<string>30</string>
			<key>isa</key>
			<string>PBXFileReference</string>
			<key>lastKnownFileType</key>
			<string>sourcecode.c.h</string>
			<key>path</key>
			<string>SenTestTool.h</string>
			<key>sourceTree</key>
			<string>&lt;group&gt;</string>
		</dict>
		<key>E980ED0C0563BF7A006C3836</key>
		<dict>
			<key>fileEncoding</key>
			<string>30</string>
			<key>isa</key>
			<string>PBXFileReference</string>
			<key>lastKnownFileType</key>
			<string>sourcecode.c.objc</string>
			<key>path</key>
			<string>SenTestTool.m</string>
			<key>sourceTree</key>
			<string>&lt;group&gt;</string>
		</dict>
		<key>E980ED0D0563BF7A006C3836</key>
		<dict>
			<key>fileRef</key>
			<string>E980ED0B0563BF7A006C3836</string>
			<key>isa</key>
			<string>PBXBuildFile</string>
		</dict>
		<key>E980ED0E0563BF7A006C3836</key>
		<dict>
			<key>fileRef</key>
			<string>E980ED0C0563BF7A006C3836</string>
			<key>isa</key>
			<string>PBXBuildFile</string>
		</dict>
		<key>EE8244BB1747843C003B8B89</key>
		<dict>
			<key>fileEncoding</key>
			<string>4</string>
			<key>isa</key>
			<string>PBXFileReference</string>
			<key>lastKnownFileType</key>
			<string>text.script.sh</string>
			<key>path</key>
			<string>otest.qcodeproj</string>
			<key>sourceTree</key>
			<string>&lt;group&gt;</string>
		</dict>
		<key>EEDCBB2016931534000BB560</key>
		<dict>
			<key>buildSettings</key>
			<dict>
				<key>ENABLE_USER_SCRIPT_SANDBOXING</key>
				<string>NO</string>
				<key>HEADER_SEARCH_PATHS</key>
				<string>$(inherited)</string>
				<key>LIBRARY_SEARCH_PATHS</key>
				<string>$(inherited)</string>
				<key>MACOSX_DEPLOYMENT_TARGET</key>
				<string>$(RECOMMENDED_MACOSX_DEPLOYMENT_TARGET)</string>
				<key>SDKROOT</key>
				<string>macosx</string>
				<key>SECTORDER_FLAGS</key>
				<string></string>
				<key>USE_HEADERMAP</key>
				<string>NO</string>
			</dict>
			<key>isa</key>
			<string>XCBuildConfiguration</string>
			<key>name</key>
			<string>Development</string>
		</dict>
		<key>EEDCBB2116931534000BB560</key>
		<dict>
			<key>buildSettings</key>
			<dict>
				<key>ENABLE_USER_SCRIPT_SANDBOXING</key>
				<string>NO</string>
				<key>HEADER_SEARCH_PATHS</key>
				<string>$(inherited)</string>
				<key>LIBRARY_SEARCH_PATHS</key>
				<string>$(inherited)</string>
				<key>MACOSX_DEPLOYMENT_TARGET</key>
				<string>$(RECOMMENDED_MACOSX_DEPLOYMENT_TARGET)</string>
				<key>SDKROOT</key>
				<string>macosx</string>
				<key>SECTORDER_FLAGS</key>
				<string></string>
				<key>USE_HEADERMAP</key>
				<string>NO</string>
			</dict>
			<key>isa</key>
			<string>XCBuildConfiguration</string>
			<key>name</key>
			<string>RootDeployment</string>
		</dict>
		<key>EEDCBB2216931534000BB560</key>
		<dict>
			<key>buildSettings</key>
			<dict>
				<key>ENABLE_USER_SCRIPT_SANDBOXING</key>
				<string>NO</string>
				<key>HEADER_SEARCH_PATHS</key>
				<string>$(inherited)</string>
				<key>LIBRARY_SEARCH_PATHS</key>
				<string>$(inherited)</string>
				<key>MACOSX_DEPLOYMENT_TARGET</key>
				<string>$(RECOMMENDED_MACOSX_DEPLOYMENT_TARGET)</string>
				<key>SDKROOT</key>
				<string>macosx</string>
				<key>SECTORDER_FLAGS</key>
				<string></string>
				<key>USE_HEADERMAP</key>
				<string>NO</string>
			</dict>
			<key>isa</key>
			<string>XCBuildConfiguration</string>
			<key>name</key>
			<string>HomeDeployment</string>
		</dict>
		<key>EEDCBB2316931534000BB560</key>
		<dict>
			<key>buildSettings</key>
			<dict>
				<key>ENABLE_USER_SCRIPT_SANDBOXING</key>
				<string>NO</string>
				<key>HEADER_SEARCH_PATHS</key>
				<string>$(inherited)</string>
				<key>LIBRARY_SEARCH_PATHS</key>
				<string>$(inherited)</string>
				<key>MACOSX_DEPLOYMENT_TARGET</key>
				<string>$(RECOMMENDED_MACOSX_DEPLOYMENT_TARGET)</string>
				<key>SDKROOT</key>
				<string>macosx</string>
				<key>SECTORDER_FLAGS</key>
				<string></string>
				<key>USE_HEADERMAP</key>
				<string>NO</string>
			</dict>
			<key>isa</key>
			<string>XCBuildConfiguration</string>
			<key>name</key>
			<string>Default</string>
		</dict>
		<key>EEDCBB2416931534000BB560</key>
		<dict>
			<key>buildSettings</key>
			<dict>
				<key>CODE_SIGN_IDENTITY</key>
				<string>-</string>
				<key>COPY_PHASE_STRIP</key>
				<string>NO</string>
				<key>DEBUGGING_SYMBOLS</key>
				<string>YES</string>
				<key>ENABLE_USER_SCRIPT_SANDBOXING</key>
				<string>NO</string>
				<key>FRAMEWORK_SEARCH_PATHS</key>
				<string></string>
				<key>GCC_DYNAMIC_NO_PIC</key>
				<string>NO</string>
				<key>GCC_ENABLE_FIX_AND_CONTINUE</key>
				<string>YES</string>
				<key>GCC_ENABLE_TRIGRAPHS</key>
				<string>NO</string>
				<key>GCC_GENERATE_DEBUGGING_SYMBOLS</key>
				<string>YES</string>
				<key>GCC_OPTIMIZATION_LEVEL</key>
				<string>0</string>
				<key>GCC_PRECOMPILE_PREFIX_HEADER</key>
				<string>YES</string>
				<key>GCC_PREFIX_HEADER</key>
				<string>otest_Prefix.pch</string>
				<key>GCC_WARN_ABOUT_MISSING_PROTOTYPES</key>
				<string>NO</string>
				<key>GCC_WARN_FOUR_CHARACTER_CONSTANTS</key>
				<string>NO</string>
				<key>GCC_WARN_UNKNOWN_PRAGMAS</key>
				<string>NO</string>
				<key>HEADER_SEARCH_PATHS</key>
				<string>( $(inherited), /opt/local/include )</string>
				<key>INSTALL_PATH</key>
				<string>$(HOME)/Developer/Tools</string>
				<key>LIBRARY_SEARCH_PATHS</key>
				<string>( $(inherited), /opt/local/lib )</string>
				<key>MACOSX_DEPLOYMENT_TARGET</key>
				<string>$(RECOMMENDED_MACOSX_DEPLOYMENT_TARGET)</string>
				<key>OTHER_CFLAGS</key>
				<string></string>
				<key>OTHER_LDFLAGS</key>
				<string></string>
				<key>PRODUCT_NAME</key>
				<string>otest</string>
				<key>REZ_EXECUTABLE</key>
				<string>YES</string>
				<key>SDKROOT</key>
				<string>macosx</string>
				<key>SECTORDER_FLAGS</key>
				<string></string>
				<key>USE_HEADERMAP</key>
				<string>NO</string>
				<key>WARNING_CFLAGS</key>
				<array>
					<string>-Wmost</string>
					<string>-Wno-four-char-constants</string>
					<string>-Wno-unknown-pragmas</string>
				</array>
			</dict>
			<key>isa</key>
			<string>XCBuildConfiguration</string>
			<key>name</key>
			<string>Development</string>
		</dict>
		<key>EEDCBB2516931534000BB560</key>
		<dict>
			<key>buildSettings</key>
			<dict>
				<key>CODE_SIGN_IDENTITY</key>
				<string>-</string>
				<key>COPY_PHASE_STRIP</key>
				<string>YES</string>
				<key>DEPLOYMENT_LOCATION</key>
				<string>YES</string>
				<key>DEPLOYMENT_POSTPROCESSING</key>
				<string>YES</string>
				<key>ENABLE_USER_SCRIPT_SANDBOXING</key>
				<string>NO</string>
				<key>FRAMEWORK_SEARCH_PATHS</key>
				<string></string>
				<key>GCC_ENABLE_FIX_AND_CONTINUE</key>
				<string>NO</string>
				<key>GCC_ENABLE_TRIGRAPHS</key>
				<string>NO</string>
				<key>GCC_GENERATE_DEBUGGING_SYMBOLS</key>
				<string>NO</string>
				<key>GCC_PRECOMPILE_PREFIX_HEADER</key>
				<string>YES</string>
				<key>GCC_PREFIX_HEADER</key>
				<string>otest_Prefix.pch</string>
				<key>GCC_WARN_ABOUT_MISSING_PROTOTYPES</key>
				<string>NO</string>
				<key>GCC_WARN_FOUR_CHARACTER_CONSTANTS</key>
				<string>NO</string>
				<key>GCC_WARN_UNKNOWN_PRAGMAS</key>
				<string>NO</string>
				<key>HEADER_SEARCH_PATHS</key>
				<string>( $(inherited), /opt/local/include )</string>
				<key>INSTALL_PATH</key>
				<string>/Developer/Tools</string>
				<key>LIBRARY_SEARCH_PATHS</key>
				<string>( $(inherited), /opt/local/lib )</string>
				<key>MACOSX_DEPLOYMENT_TARGET</key>
				<string>$(RECOMMENDED_MACOSX_DEPLOYMENT_TARGET)</string>
				<key>OTHER_CFLAGS</key>
				<string></string>
				<key>OTHER_LDFLAGS</key>
				<string></string>
				<key>PRODUCT_NAME</key>
				<string>otest</string>
				<key>REZ_EXECUTABLE</key>
				<string>YES</string>
				<key>SDKROOT</key>
				<string>macosx</string>
				<key>SECTORDER_FLAGS</key>
				<string></string>
				<key>USE_HEADERMAP</key>
				<string>NO</string>
				<key>WARNING_CFLAGS</key>
				<array>
					<string>-Wmost</string>
					<string>-Wno-four-char-constants</string>
					<string>-Wno-unknown-pragmas</string>
				</array>
			</dict>
			<key>isa</key>
			<string>XCBuildConfiguration</string>
			<key>name</key>
			<string>RootDeployment</string>
		</dict>
		<key>EEDCBB2616931534000BB560</key>
		<dict>
			<key>buildSettings</key>
			<dict>
				<key>CODE_SIGN_IDENTITY</key>
				<string>-</string>
				<key>COPY_PHASE_STRIP</key>
				<string>YES</string>
				<key>DEPLOYMENT_LOCATION</key>
				<string>YES</string>
				<key>DEPLOYMENT_POSTPROCESSING</key>
				<string>YES</string>
				<key>ENABLE_USER_SCRIPT_SANDBOXING</key>
				<string>NO</string>
				<key>FRAMEWORK_SEARCH_PATHS</key>
				<string></string>
				<key>GCC_ENABLE_FIX_AND_CONTINUE</key>
				<string>NO</string>
				<key>GCC_ENABLE_TRIGRAPHS</key>
				<string>NO</string>
				<key>GCC_GENERATE_DEBUGGING_SYMBOLS</key>
				<string>NO</string>
				<key>GCC_PRECOMPILE_PREFIX_HEADER</key>
				<string>YES</string>
				<key>GCC_PREFIX_HEADER</key>
				<string>otest_Prefix.pch</string>
				<key>GCC_WARN_ABOUT_MISSING_PROTOTYPES</key>
				<string>NO</string>
				<key>GCC_WARN_FOUR_CHARACTER_CONSTANTS</key>
				<string>NO</string>
				<key>GCC_WARN_UNKNOWN_PRAGMAS</key>
				<string>NO</string>
				<key>HEADER_SEARCH_PATHS</key>
				<string>( $(inherited), /opt/local/include )</string>
				<key>INSTALL_PATH</key>
				<string>$(HOME)/Developer/Tools</string>
				<key>LIBRARY_SEARCH_PATHS</key>
				<string>( $(inherited), /opt/local/lib )</string>
				<key>MACOSX_DEPLOYMENT_TARGET</key>
				<string>$(RECOMMENDED_MACOSX_DEPLOYMENT_TARGET)</string>
				<key>OTHER_CFLAGS</key>
				<string></string>
				<key>OTHER_LDFLAGS</key>
				<string></string>
				<key>PRODUCT_NAME</key>
				<string>otest</string>
				<key>REZ_EXECUTABLE</key>
				<string>YES</string>
				<key>SDKROOT</key>
				<string>macosx</string>
				<key>SECTORDER_FLAGS</key>
				<string></string>
				<key>USE_HEADERMAP</key>
				<string>NO</string>
				<key>WARNING_CFLAGS</key>
				<array>
					<string>-Wmost</string>
					<string>-Wno-four-char-constants</string>
					<string>-Wno-unknown-pragmas</string>
				</array>
			</dict>
			<key>isa</key>
			<string>XCBuildConfiguration</string>
			<key>name</key>
			<string>HomeDeployment</string>
		</dict>
		<key>EEDCBB2716931534000BB560</key>
		<dict>
			<key>buildSettings</key>
			<dict>
				<key>CODE_SIGN_IDENTITY</key>
				<string>-</string>
				<key>ENABLE_USER_SCRIPT_SANDBOXING</key>
				<string>NO</string>
				<key>FRAMEWORK_SEARCH_PATHS</key>
				<string></string>
				<key>GCC_ENABLE_TRIGRAPHS</key>
				<string>NO</string>
				<key>GCC_GENERATE_DEBUGGING_SYMBOLS</key>
				<string>NO</string>
				<key>GCC_PRECOMPILE_PREFIX_HEADER</key>
				<string>YES</string>
				<key>GCC_PREFIX_HEADER</key>
				<string>otest_Prefix.pch</string>
				<key>GCC_WARN_ABOUT_MISSING_PROTOTYPES</key>
				<string>NO</string>
				<key>GCC_WARN_FOUR_CHARACTER_CONSTANTS</key>
				<string>NO</string>
				<key>GCC_WARN_UNKNOWN_PRAGMAS</key>
				<string>NO</string>
				<key>HEADER_SEARCH_PATHS</key>
				<string>( $(inherited), /opt/local/include )</string>
				<key>INSTALL_PATH</key>
				<string>$(HOME)/Developer/Tools</string>
				<key>LIBRARY_SEARCH_PATHS</key>
				<string>( $(inherited), /opt/local/lib )</string>
				<key>MACOSX_DEPLOYMENT_TARGET</key>
				<string>$(RECOMMENDED_MACOSX_DEPLOYMENT_TARGET)</string>
				<key>OTHER_CFLAGS</key>
				<string></string>
				<key>OTHER_LDFLAGS</key>
				<string></string>
				<key>PRODUCT_NAME</key>
				<string>otest</string>
				<key>REZ_EXECUTABLE</key>
				<string>YES</string>
				<key>SDKROOT</key>
				<string>macosx</string>
				<key>SECTORDER_FLAGS</key>
				<string></string>
				<key>USE_HEADERMAP</key>
				<string>NO</string>
				<key>WARNING_CFLAGS</key>
				<array>
					<string>-Wmost</string>
					<string>-Wno-four-char-constants</string>
					<string>-Wno-unknown-pragmas</string>
				</array>
			</dict>
			<key>isa</key>
			<string>XCBuildConfiguration</string>
			<key>name</key>
			<string>Default</string>
		</dict>
		<key>EEDCBB2816931534000BB560</key>
		<dict>
			<key>buildConfigurations</key>
			<array>
				<string>EEDCBB2016931534000BB560</string>
				<string>EEDCBB2116931534000BB560</string>
				<string>EEDCBB2216931534000BB560</string>
				<string>EEDCBB2316931534000BB560</string>
			</array>
			<key>defaultConfigurationIsVisible</key>
			<string>0</string>
			<key>defaultConfigurationName</key>
			<string>Default</string>
			<key>isa</key>
			<string>XCConfigurationList</string>
		</dict>
		<key>EEDCBB2916931534000BB560</key>
		<dict>
			<key>buildConfigurations</key>
			<array>
				<string>EEDCBB2416931534000BB560</string>
				<string>EEDCBB2516931534000BB560</string>
				<string>EEDCBB2616931534000BB560</string>
				<string>EEDCBB2716931534000BB560</string>
			</array>
			<key>defaultConfigurationIsVisible</key>
			<string>0</string>
			<key>defaultConfigurationName</key>
			<string>Default</string>
			<key>isa</key>
			<string>XCConfigurationList</string>
		</dict>
		<key>EEDCBE6D16931755000BB560</key>
		<dict>
			<key>fileEncoding</key>
			<string>4</string>
			<key>isa</key>
			<string>PBXFileReference</string>
			<key>lastKnownFileType</key>
			<string>text</string>
			<key>name</key>
			<string>mySTEP.make</string>
			<key>path</key>
			<string>../../../mySTEP.make</string>
			<key>sourceTree</key>
			<string>SOURCE_ROOT</string>
		</dict>
	</dict>
	<key>rootObject</key>
	<string>08FB7793FE84155DC02AAC07</string>
</dict>
</plist>
