// !$*UTF8*$!
{
	archiveVersion = 1;
	classes = {
	};
	objectVersion = 42;
	objects = {

/* Begin PBXBuildFile section */
		EEA370950953FFEF001244CF /* Foundation.framework in Frameworks */ = {isa = PBXBuildFile; fileRef = EEA370940953FFEF001244CF /* Foundation.framework */; };
		EEA3716B095400F2001244CF /* AppKit.framework in Frameworks */ = {isa = PBXBuildFile; fileRef = EEA3716A095400F2001244CF /* AppKit.framework */; };
		EEA3D33D09546793001244CF /* NSPreferencePane.h in Headers */ = {isa = PBXBuildFile; fileRef = EEA3D33A09546793001244CF /* NSPreferencePane.h */; settings = {ATTRIBUTES = (Public, ); }; };
		EEA3D33E09546793001244CF /* NSPreferencePane.m in Sources */ = {isa = PBXBuildFile; fileRef = EEA3D33B09546793001244CF /* NSPreferencePane.m */; };
		EEA3D33F09546793001244CF /* PreferencePanes.h in Headers */ = {isa = PBXBuildFile; fileRef = EEA3D33C09546793001244CF /* PreferencePanes.h */; settings = {ATTRIBUTES = (Public, ); }; };
/* End PBXBuildFile section */

/* Begin PBXFileReference section */
		EE27270005426A7F0000013C /* mySTEP.make */ = {isa = PBXFileReference; fileEncoding = 30; lastKnownFileType = text; name = mySTEP.make; path = ../mySTEP.make; sourceTree = SOURCE_ROOT; };
		EE43E9911990D99900A05174 /* PreferencePanes.php */ = {isa = PBXFileReference; fileEncoding = 4; lastKnownFileType = text.script.php; path = PreferencePanes.php; sourceTree = "<group>"; };
		EE6FE352076F05AF009CC969 /* PreferencePanes.framework */ = {isa = PBXFileReference; explicitFileType = wrapper.framework; includeInIndex = 0; path = PreferencePanes.framework; sourceTree = BUILT_PRODUCTS_DIR; };
		EE7AB620174766E5003133D9 /* PreferencePanes.qcodeproj */ = {isa = PBXFileReference; fileEncoding = 4; lastKnownFileType = text.script.sh; path = PreferencePanes.qcodeproj; sourceTree = "<group>"; };
		EEA370940953FFEF001244CF /* Foundation.framework */ = {isa = PBXFileReference; lastKnownFileType = wrapper.framework; name = Foundation.framework; path = ../Foundation/build/Development/Foundation.framework; sourceTree = SOURCE_ROOT; };
		EEA3716A095400F2001244CF /* AppKit.framework */ = {isa = PBXFileReference; lastKnownFileType = wrapper.framework; name = AppKit.framework; path = ../AppKit/build/Development/AppKit.framework; sourceTree = SOURCE_ROOT; };
		EEA3D33A09546793001244CF /* NSPreferencePane.h */ = {isa = PBXFileReference; fileEncoding = 30; lastKnownFileType = sourcecode.c.h; path = NSPreferencePane.h; sourceTree = "<group>"; };
		EEA3D33B09546793001244CF /* NSPreferencePane.m */ = {isa = PBXFileReference; fileEncoding = 30; lastKnownFileType = sourcecode.c.objc; path = NSPreferencePane.m; sourceTree = "<group>"; };
		EEA3D33C09546793001244CF /* PreferencePanes.h */ = {isa = PBXFileReference; fileEncoding = 30; lastKnownFileType = sourcecode.c.h; path = PreferencePanes.h; sourceTree = "<group>"; };
		EEA3D3410954679C001244CF /* PreferencePanes-Info.plist */ = {isa = PBXFileReference; fileEncoding = 30; lastKnownFileType = text.plist.xml; path = "PreferencePanes-Info.plist"; sourceTree = "<group>"; };
		EEE1CC331568157100EA623F /* executable.php */ = {isa = PBXFileReference; fileEncoding = 4; lastKnownFileType = text.script.php; path = executable.php; sourceTree = "<group>"; };
/* End PBXFileReference section */

/* Begin PBXFrameworksBuildPhase section */
		EE6FE350076F05AF009CC969 /* Frameworks */ = {
			isa = PBXFrameworksBuildPhase;
			buildActionMask = 2147483647;
			files = (
				EEA370950953FFEF001244CF /* Foundation.framework in Frameworks */,
				EEA3716B095400F2001244CF /* AppKit.framework in Frameworks */,
			);
			runOnlyForDeploymentPostprocessing = 0;
		};
/* End PBXFrameworksBuildPhase section */

/* Begin PBXGroup section */
		29B97314FDCFA39411CA2CEA /* BrowserTester */ = {
			isa = PBXGroup;
			children = (
				EE27270005426A7F0000013C /* mySTEP.make */,
				EE7AB620174766E5003133D9 /* PreferencePanes.qcodeproj */,
				EE43E9911990D99900A05174 /* PreferencePanes.php */,
				EEE1CC351568157400EA623F /* Web */,
				EEA3309A09537E58001244CF /* Classes */,
				EEA3306C09537DB5001244CF /* Private */,
				EEA3309609537E48001244CF /* Resources */,
				EEA370EA0953FFFB001244CF /* Frameworks */,
				EE29D8D8058A38830035639B /* Products */,
			);
			name = BrowserTester;
			sourceTree = "<group>";
		};
		EE29D8D8058A38830035639B /* Products */ = {
			isa = PBXGroup;
			children = (
				EE6FE352076F05AF009CC969 /* PreferencePanes.framework */,
			);
			name = Products;
			sourceTree = "<group>";
		};
		EEA3306C09537DB5001244CF /* Private */ = {
			isa = PBXGroup;
			children = (
			);
			name = Private;
			sourceTree = "<group>";
		};
		EEA3309609537E48001244CF /* Resources */ = {
			isa = PBXGroup;
			children = (
				EEA3D3410954679C001244CF /* PreferencePanes-Info.plist */,
			);
			name = Resources;
			sourceTree = "<group>";
		};
		EEA3309A09537E58001244CF /* Classes */ = {
			isa = PBXGroup;
			children = (
				EEA3D33C09546793001244CF /* PreferencePanes.h */,
				EEA3D33A09546793001244CF /* NSPreferencePane.h */,
				EEA3D33B09546793001244CF /* NSPreferencePane.m */,
			);
			name = Classes;
			sourceTree = "<group>";
		};
		EEA370EA0953FFFB001244CF /* Frameworks */ = {
			isa = PBXGroup;
			children = (
				EEA370940953FFEF001244CF /* Foundation.framework */,
				EEA3716A095400F2001244CF /* AppKit.framework */,
			);
			name = Frameworks;
			sourceTree = "<group>";
		};
		EEE1CC351568157400EA623F /* Web */ = {
			isa = PBXGroup;
			children = (
				EEE1CC331568157100EA623F /* executable.php */,
			);
			name = Web;
			sourceTree = "<group>";
		};
/* End PBXGroup section */

/* Begin PBXHeadersBuildPhase section */
		EE6FE34D076F05AF009CC969 /* Headers */ = {
			isa = PBXHeadersBuildPhase;
			buildActionMask = 2147483647;
			files = (
				EEA3D33D09546793001244CF /* NSPreferencePane.h in Headers */,
				EEA3D33F09546793001244CF /* PreferencePanes.h in Headers */,
			);
			runOnlyForDeploymentPostprocessing = 0;
		};
/* End PBXHeadersBuildPhase section */

/* Begin PBXNativeTarget section */
		EE6FE351076F05AF009CC969 /* PreferencePanes */ = {
			isa = PBXNativeTarget;
			buildConfigurationList = EEEB9CB809A7534E00626AB7 /* Build configuration list for PBXNativeTarget "PreferencePanes" */;
			buildPhases = (
				EE6FE34D076F05AF009CC969 /* Headers */,
				EE6FE34E076F05AF009CC969 /* Resources */,
				EE6FE34F076F05AF009CC969 /* Sources */,
				EE6FE350076F05AF009CC969 /* Frameworks */,
				EE6FE354076F05C9009CC969 /* ShellScript */,
			);
			buildRules = (
			);
			comments = "Todo:\n\nDistribute System-Info.plist to AB-Framework and AppKit-Framework\n";
			dependencies = (
			);
			name = PreferencePanes;
			productName = Calendar;
			productReference = EE6FE352076F05AF009CC969 /* PreferencePanes.framework */;
			productType = "com.apple.product-type.framework";
		};
/* End PBXNativeTarget section */

/* Begin PBXProject section */
		29B97313FDCFA39411CA2CEA /* Project object */ = {
			isa = PBXProject;
			buildConfigurationList = EEEB9CBC09A7534E00626AB7 /* Build configuration list for PBXProject "PreferencePanes" */;
			compatibilityVersion = "Xcode 12.0";
			developmentRegion = English;
			hasScannedForEncodings = 1;
			knownRegions = (
				English,
				Japanese,
				French,
				German,
			);
			mainGroup = 29B97314FDCFA39411CA2CEA /* BrowserTester */;
			productRefGroup = EE29D8D8058A38830035639B /* Products */;
			projectDirPath = "";
			projectRoot = "";
			targets = (
				EE6FE351076F05AF009CC969 /* PreferencePanes */,
			);
		};
/* End PBXProject section */

/* Begin PBXResourcesBuildPhase section */
		EE6FE34E076F05AF009CC969 /* Resources */ = {
			isa = PBXResourcesBuildPhase;
			buildActionMask = 2147483647;
			files = (
			);
			runOnlyForDeploymentPostprocessing = 0;
		};
/* End PBXResourcesBuildPhase section */

/* Begin PBXShellScriptBuildPhase section */
		EE6FE354076F05C9009CC969 /* ShellScript */ = {
			isa = PBXShellScriptBuildPhase;
			buildActionMask = 2147483647;
			files = (
			);
			inputPaths = (
			);
			outputPaths = (
			);
			runOnlyForDeploymentPostprocessing = 0;
			shellPath = /bin/sh;
			shellScript = "export QuantumSTEP=/usr/local/QuantumSTEP\n./PreferencePanes.qcodeproj\n";
		};
/* End PBXShellScriptBuildPhase section */

/* Begin PBXSourcesBuildPhase section */
		EE6FE34F076F05AF009CC969 /* Sources */ = {
			isa = PBXSourcesBuildPhase;
			buildActionMask = 2147483647;
			files = (
				EEA3D33E09546793001244CF /* NSPreferencePane.m in Sources */,
			);
			runOnlyForDeploymentPostprocessing = 0;
		};
/* End PBXSourcesBuildPhase section */

/* Begin XCBuildConfiguration section */
		EEEB9CB909A7534E00626AB7 /* Development */ = {
			isa = XCBuildConfiguration;
			buildSettings = {
				ALWAYS_SEARCH_USER_PATHS = NO;
				COPY_PHASE_STRIP = NO;
				DYLIB_COMPATIBILITY_VERSION = 1;
				DYLIB_CURRENT_VERSION = 1;
				FRAMEWORK_SEARCH_PATHS = "";
				FRAMEWORK_VERSION = A;
				GCC_DYNAMIC_NO_PIC = NO;
				GCC_ENABLE_FIX_AND_CONTINUE = YES;
				GCC_GENERATE_DEBUGGING_SYMBOLS = YES;
				GCC_OPTIMIZATION_LEVEL = 0;
				GCC_PRECOMPILE_PREFIX_HEADER = YES;
				GCC_PREFIX_HEADER = "";
				GCC_VERSION = 4.0;
				INFOPLIST_FILE = "PreferencePanes-Info.plist";
				INSTALL_PATH = /Library/Frameworks;
				OTHER_CFLAGS = "";
				OTHER_LDFLAGS = (
					"-seg1addr",
					0x20200000,
				);
				OTHER_REZFLAGS = "";
				PRODUCT_NAME = PreferencePanes;
				SECTORDER_FLAGS = "";
				WARNING_CFLAGS = (
					"-Wmost",
					"-Wno-four-char-constants",
					"-Wno-unknown-pragmas",
				);
				ZERO_LINK = YES;
			};
			name = Development;
		};
		EEEB9CBA09A7534E00626AB7 /* Deployment */ = {
			isa = XCBuildConfiguration;
			buildSettings = {
				ALWAYS_SEARCH_USER_PATHS = NO;
				COPY_PHASE_STRIP = YES;
				DYLIB_COMPATIBILITY_VERSION = 1;
				DYLIB_CURRENT_VERSION = 1;
				FRAMEWORK_SEARCH_PATHS = "";
				FRAMEWORK_VERSION = A;
				GCC_ENABLE_FIX_AND_CONTINUE = NO;
				GCC_PRECOMPILE_PREFIX_HEADER = YES;
				GCC_PREFIX_HEADER = "";
				GCC_VERSION = 4.0;
				INFOPLIST_FILE = "PreferencePanes-Info.plist";
				INSTALL_PATH = /Library/Frameworks;
				OTHER_CFLAGS = "";
				OTHER_LDFLAGS = (
					"-seg1addr",
					0x20200000,
				);
				OTHER_REZFLAGS = "";
				PRODUCT_NAME = PreferencePanes;
				SECTORDER_FLAGS = "";
				WARNING_CFLAGS = (
					"-Wmost",
					"-Wno-four-char-constants",
					"-Wno-unknown-pragmas",
				);
				ZERO_LINK = NO;
			};
			name = Deployment;
		};
		EEEB9CBB09A7534E00626AB7 /* Default */ = {
			isa = XCBuildConfiguration;
			buildSettings = {
				ALWAYS_SEARCH_USER_PATHS = NO;
				DYLIB_COMPATIBILITY_VERSION = 1;
				DYLIB_CURRENT_VERSION = 1;
				FRAMEWORK_SEARCH_PATHS = "";
				FRAMEWORK_VERSION = A;
				GCC_PRECOMPILE_PREFIX_HEADER = YES;
				GCC_PREFIX_HEADER = "";
				GCC_VERSION = 4.0;
				INFOPLIST_FILE = "PreferencePanes-Info.plist";
				INSTALL_PATH = /Library/Frameworks;
				OTHER_CFLAGS = "";
				OTHER_LDFLAGS = (
					"-seg1addr",
					0x20200000,
				);
				OTHER_REZFLAGS = "";
				PRODUCT_NAME = PreferencePanes;
				SECTORDER_FLAGS = "";
				WARNING_CFLAGS = (
					"-Wmost",
					"-Wno-four-char-constants",
					"-Wno-unknown-pragmas",
				);
			};
			name = Default;
		};
		EEEB9CBD09A7534E00626AB7 /* Development */ = {
			isa = XCBuildConfiguration;
			buildSettings = {
			};
			name = Development;
		};
		EEEB9CBE09A7534E00626AB7 /* Deployment */ = {
			isa = XCBuildConfiguration;
			buildSettings = {
			};
			name = Deployment;
		};
		EEEB9CBF09A7534E00626AB7 /* Default */ = {
			isa = XCBuildConfiguration;
			buildSettings = {
			};
			name = Default;
		};
/* End XCBuildConfiguration section */

/* Begin XCConfigurationList section */
		EEEB9CB809A7534E00626AB7 /* Build configuration list for PBXNativeTarget "PreferencePanes" */ = {
			isa = XCConfigurationList;
			buildConfigurations = (
				EEEB9CB909A7534E00626AB7 /* Development */,
				EEEB9CBA09A7534E00626AB7 /* Deployment */,
				EEEB9CBB09A7534E00626AB7 /* Default */,
			);
			defaultConfigurationIsVisible = 0;
			defaultConfigurationName = Default;
		};
		EEEB9CBC09A7534E00626AB7 /* Build configuration list for PBXProject "PreferencePanes" */ = {
			isa = XCConfigurationList;
			buildConfigurations = (
				EEEB9CBD09A7534E00626AB7 /* Development */,
				EEEB9CBE09A7534E00626AB7 /* Deployment */,
				EEEB9CBF09A7534E00626AB7 /* Default */,
			);
			defaultConfigurationIsVisible = 0;
			defaultConfigurationName = Default;
		};
/* End XCConfigurationList section */
	};
	rootObject = 29B97313FDCFA39411CA2CEA /* Project object */;
}
