// !$*UTF8*$!
{
	archiveVersion = 1;
	classes = {
	};
	objectVersion = 45;
	objects = {

/* Begin PBXAggregateTarget section */
		EE37FADC13B20D53005D28ED /* FetchTiles */ = {
			isa = PBXAggregateTarget;
			buildConfigurationList = EE37FADF13B20D71005D28ED /* Build configuration list for PBXAggregateTarget "FetchTiles" */;
			buildPhases = (
				EE37FADB13B20D53005D28ED /* ShellScript */,
			);
			dependencies = (
			);
			name = FetchTiles;
			productName = FetchTiles;
		};
/* End PBXAggregateTarget section */

/* Begin PBXBuildFile section */
		8DC2EF530486A6940098B216 /* InfoPlist.strings in Resources */ = {isa = PBXBuildFile; fileRef = 089C1666FE841158C02AAC07 /* InfoPlist.strings */; };
		8DC2EF570486A6940098B216 /* Cocoa.framework in Frameworks */ = {isa = PBXBuildFile; fileRef = 1058C7B1FEA5585E11CA2CBB /* Cocoa.framework */; };
		EE310665125E2F1C00DF3C91 /* MKUserLocation.m in Sources */ = {isa = PBXBuildFile; fileRef = EE310664125E2F1C00DF3C91 /* MKUserLocation.m */; };
		EE31DEED125A350A00DF3C91 /* MKAnnotation.h in Headers */ = {isa = PBXBuildFile; fileRef = EE31DEDB125A350A00DF3C91 /* MKAnnotation.h */; settings = {ATTRIBUTES = (Public, ); }; };
		EE31DEEE125A350A00DF3C91 /* MKAnnotationView.h in Headers */ = {isa = PBXBuildFile; fileRef = EE31DEDC125A350A00DF3C91 /* MKAnnotationView.h */; settings = {ATTRIBUTES = (Public, ); }; };
		EE31DEEF125A350A00DF3C91 /* MKCircle.h in Headers */ = {isa = PBXBuildFile; fileRef = EE31DEDD125A350A00DF3C91 /* MKCircle.h */; settings = {ATTRIBUTES = (Public, ); }; };
		EE31DEF0125A350A00DF3C91 /* MKCircleView.h in Headers */ = {isa = PBXBuildFile; fileRef = EE31DEDE125A350A00DF3C91 /* MKCircleView.h */; settings = {ATTRIBUTES = (Public, ); }; };
		EE31DEF1125A350A00DF3C91 /* MKMultiPoint.h in Headers */ = {isa = PBXBuildFile; fileRef = EE31DEDF125A350A00DF3C91 /* MKMultiPoint.h */; settings = {ATTRIBUTES = (Public, ); }; };
		EE31DEF2125A350A00DF3C91 /* MKOverlay.h in Headers */ = {isa = PBXBuildFile; fileRef = EE31DEE0125A350A00DF3C91 /* MKOverlay.h */; settings = {ATTRIBUTES = (Public, ); }; };
		EE31DEF3125A350A00DF3C91 /* MKOverlayPathView.h in Headers */ = {isa = PBXBuildFile; fileRef = EE31DEE1125A350A00DF3C91 /* MKOverlayPathView.h */; settings = {ATTRIBUTES = (Public, ); }; };
		EE31DEF4125A350A00DF3C91 /* MKOverlayView.h in Headers */ = {isa = PBXBuildFile; fileRef = EE31DEE2125A350A00DF3C91 /* MKOverlayView.h */; settings = {ATTRIBUTES = (Public, ); }; };
		EE31DEF5125A350A00DF3C91 /* MKPinAnnotationView.h in Headers */ = {isa = PBXBuildFile; fileRef = EE31DEE3125A350A00DF3C91 /* MKPinAnnotationView.h */; settings = {ATTRIBUTES = (Public, ); }; };
		EE31DEF6125A350A00DF3C91 /* MKPlacemark.h in Headers */ = {isa = PBXBuildFile; fileRef = EE31DEE4125A350A00DF3C91 /* MKPlacemark.h */; settings = {ATTRIBUTES = (Public, ); }; };
		EE31DEF8125A350A00DF3C91 /* MKPolygon.h in Headers */ = {isa = PBXBuildFile; fileRef = EE31DEE6125A350A00DF3C91 /* MKPolygon.h */; settings = {ATTRIBUTES = (Public, ); }; };
		EE31DEF9125A350A00DF3C91 /* MKPolygonView.h in Headers */ = {isa = PBXBuildFile; fileRef = EE31DEE7125A350A00DF3C91 /* MKPolygonView.h */; settings = {ATTRIBUTES = (Public, ); }; };
		EE31DEFA125A350A00DF3C91 /* MKPolyline.h in Headers */ = {isa = PBXBuildFile; fileRef = EE31DEE8125A350A00DF3C91 /* MKPolyline.h */; settings = {ATTRIBUTES = (Public, ); }; };
		EE31DEFB125A350A00DF3C91 /* MKPolylineView.h in Headers */ = {isa = PBXBuildFile; fileRef = EE31DEE9125A350A00DF3C91 /* MKPolylineView.h */; settings = {ATTRIBUTES = (Public, ); }; };
		EE31DEFC125A350A00DF3C91 /* MKReverseGeocoder.h in Headers */ = {isa = PBXBuildFile; fileRef = EE31DEEA125A350A00DF3C91 /* MKReverseGeocoder.h */; settings = {ATTRIBUTES = (Public, ); }; };
		EE31DEFD125A350A00DF3C91 /* MKShape.h in Headers */ = {isa = PBXBuildFile; fileRef = EE31DEEB125A350A00DF3C91 /* MKShape.h */; settings = {ATTRIBUTES = (Public, ); }; };
		EE31DEFE125A350A00DF3C91 /* MKUserLocation.h in Headers */ = {isa = PBXBuildFile; fileRef = EE31DEEC125A350A00DF3C91 /* MKUserLocation.h */; settings = {ATTRIBUTES = (Public, ); }; };
		EE31DF13125A359000DF3C91 /* MKAnnotationView.m in Sources */ = {isa = PBXBuildFile; fileRef = EE31DF12125A359000DF3C91 /* MKAnnotationView.m */; };
		EE31DF15125A359D00DF3C91 /* MKOverlayView.m in Sources */ = {isa = PBXBuildFile; fileRef = EE31DF14125A359D00DF3C91 /* MKOverlayView.m */; };
		EE31DF21125A36A600DF3C91 /* MKGeometry.m in Sources */ = {isa = PBXBuildFile; fileRef = EE31DF20125A36A600DF3C91 /* MKGeometry.m */; };
		EE31DF23125A385600DF3C91 /* MKPointAnnotation.h in Headers */ = {isa = PBXBuildFile; fileRef = EE31DF22125A385600DF3C91 /* MKPointAnnotation.h */; settings = {ATTRIBUTES = (Public, ); }; };
		EE6D4082137BB5EF003D5863 /* CoreLocation.framework in Frameworks */ = {isa = PBXBuildFile; fileRef = EEB23DB41258B6410018A9F3 /* CoreLocation.framework */; };
		EE6D4087137BB5F2003D5863 /* Cocoa.framework in Frameworks */ = {isa = PBXBuildFile; fileRef = 1058C7B1FEA5585E11CA2CBB /* Cocoa.framework */; };
		EE92251713617A000010C76C /* Credits.rtf in Resources */ = {isa = PBXBuildFile; fileRef = EE922504136179DD0010C76C /* Credits.rtf */; };
		EE92251813617A000010C76C /* InfoPlist.strings in Resources */ = {isa = PBXBuildFile; fileRef = EE922506136179DD0010C76C /* InfoPlist.strings */; };
		EE92251913617A000010C76C /* MainMenu.xib in Resources */ = {isa = PBXBuildFile; fileRef = EE922508136179DD0010C76C /* MainMenu.xib */; };
		EE92251A13617A000010C76C /* MyDocument.xib in Resources */ = {isa = PBXBuildFile; fileRef = EE92250A136179DD0010C76C /* MyDocument.xib */; };
		EE92251B13617A0A0010C76C /* main.m in Sources */ = {isa = PBXBuildFile; fileRef = EE92250C136179DD0010C76C /* main.m */; };
		EE92251C13617A0A0010C76C /* MyDocument.m in Sources */ = {isa = PBXBuildFile; fileRef = EE922513136179DD0010C76C /* MyDocument.m */; };
		EE92252013617A2D0010C76C /* MapKit.framework in Frameworks */ = {isa = PBXBuildFile; fileRef = 8DC2EF5B0486A6940098B216 /* MapKit.framework */; };
		EE9E755A1467EB390029F8D8 /* PreinstalledTiles in Resources */ = {isa = PBXBuildFile; fileRef = EE9E75581467EB390029F8D8 /* PreinstalledTiles */; };
		EEAF48F014697F3C00A1196E /* CLExtensions.h in Headers */ = {isa = PBXBuildFile; fileRef = EEAF48EE14697F3C00A1196E /* CLExtensions.h */; settings = {ATTRIBUTES = (Public, ); }; };
		EEAF48F114697F3C00A1196E /* CLExtensions.m in Sources */ = {isa = PBXBuildFile; fileRef = EEAF48EF14697F3C00A1196E /* CLExtensions.m */; };
		EEAF49CC14699FC400A1196E /* CLGeocoder.h in Headers */ = {isa = PBXBuildFile; fileRef = EEAF49C814699FC400A1196E /* CLGeocoder.h */; settings = {ATTRIBUTES = (Public, ); }; };
		EEAF49CD14699FC400A1196E /* CLHeading.h in Headers */ = {isa = PBXBuildFile; fileRef = EEAF49C914699FC400A1196E /* CLHeading.h */; settings = {ATTRIBUTES = (Public, ); }; };
		EEAF49CE14699FC400A1196E /* CLPlacemark.h in Headers */ = {isa = PBXBuildFile; fileRef = EEAF49CA14699FC400A1196E /* CLPlacemark.h */; settings = {ATTRIBUTES = (Public, ); }; };
		EEAF49CF14699FC400A1196E /* CLRegion.h in Headers */ = {isa = PBXBuildFile; fileRef = EEAF49CB14699FC400A1196E /* CLRegion.h */; settings = {ATTRIBUTES = (Public, ); }; };
		EEB23D5812589D3E0018A9F3 /* MapKit.h in Headers */ = {isa = PBXBuildFile; fileRef = EEB23D5512589D3E0018A9F3 /* MapKit.h */; settings = {ATTRIBUTES = (Public, ); }; };
		EEB23D5912589D3E0018A9F3 /* MKMapView.h in Headers */ = {isa = PBXBuildFile; fileRef = EEB23D5612589D3E0018A9F3 /* MKMapView.h */; settings = {ATTRIBUTES = (Public, ); }; };
		EEB23D5A12589D3E0018A9F3 /* MKMapView.m in Sources */ = {isa = PBXBuildFile; fileRef = EEB23D5712589D3E0018A9F3 /* MKMapView.m */; };
		EEB23D5C12589D4B0018A9F3 /* MapKit_Prefix.pch in Headers */ = {isa = PBXBuildFile; fileRef = EEB23D5B12589D4B0018A9F3 /* MapKit_Prefix.pch */; };
		EEB23D7E1258B1F80018A9F3 /* MKTypes.h in Headers */ = {isa = PBXBuildFile; fileRef = EEB23D7D1258B1F80018A9F3 /* MKTypes.h */; settings = {ATTRIBUTES = (Public, ); }; };
		EEB23D901258B5850018A9F3 /* MKGeometry.h in Headers */ = {isa = PBXBuildFile; fileRef = EEB23D8F1258B5850018A9F3 /* MKGeometry.h */; settings = {ATTRIBUTES = (Public, ); }; };
		EEB23DB51258B6410018A9F3 /* CoreLocation.framework in Frameworks */ = {isa = PBXBuildFile; fileRef = EEB23DB41258B6410018A9F3 /* CoreLocation.framework */; };
/* End PBXBuildFile section */

/* Begin PBXFileReference section */
		0867D69BFE84028FC02AAC07 /* Foundation.framework */ = {isa = PBXFileReference; lastKnownFileType = wrapper.framework; name = Foundation.framework; path = /System/Library/Frameworks/Foundation.framework; sourceTree = "<absolute>"; };
		0867D6A5FE840307C02AAC07 /* AppKit.framework */ = {isa = PBXFileReference; lastKnownFileType = wrapper.framework; name = AppKit.framework; path = /System/Library/Frameworks/AppKit.framework; sourceTree = "<absolute>"; };
		089C1667FE841158C02AAC07 /* English */ = {isa = PBXFileReference; fileEncoding = 10; lastKnownFileType = text.plist.strings; name = English; path = English.lproj/InfoPlist.strings; sourceTree = "<group>"; };
		1058C7B1FEA5585E11CA2CBB /* Cocoa.framework */ = {isa = PBXFileReference; lastKnownFileType = wrapper.framework; name = Cocoa.framework; path = /System/Library/Frameworks/Cocoa.framework; sourceTree = "<absolute>"; };
		8DC2EF5A0486A6940098B216 /* Info.plist */ = {isa = PBXFileReference; fileEncoding = 4; lastKnownFileType = text.plist.xml; path = Info.plist; sourceTree = "<group>"; };
		8DC2EF5B0486A6940098B216 /* MapKit.framework */ = {isa = PBXFileReference; explicitFileType = wrapper.framework; includeInIndex = 0; path = MapKit.framework; sourceTree = BUILT_PRODUCTS_DIR; };
		EE310664125E2F1C00DF3C91 /* MKUserLocation.m */ = {isa = PBXFileReference; fileEncoding = 4; lastKnownFileType = sourcecode.c.objc; path = MKUserLocation.m; sourceTree = "<group>"; };
		EE31DEDB125A350A00DF3C91 /* MKAnnotation.h */ = {isa = PBXFileReference; fileEncoding = 4; lastKnownFileType = sourcecode.c.h; path = MKAnnotation.h; sourceTree = "<group>"; };
		EE31DEDC125A350A00DF3C91 /* MKAnnotationView.h */ = {isa = PBXFileReference; fileEncoding = 4; lastKnownFileType = sourcecode.c.h; path = MKAnnotationView.h; sourceTree = "<group>"; };
		EE31DEDD125A350A00DF3C91 /* MKCircle.h */ = {isa = PBXFileReference; fileEncoding = 4; lastKnownFileType = sourcecode.c.h; path = MKCircle.h; sourceTree = "<group>"; };
		EE31DEDE125A350A00DF3C91 /* MKCircleView.h */ = {isa = PBXFileReference; fileEncoding = 4; lastKnownFileType = sourcecode.c.h; path = MKCircleView.h; sourceTree = "<group>"; };
		EE31DEDF125A350A00DF3C91 /* MKMultiPoint.h */ = {isa = PBXFileReference; fileEncoding = 4; lastKnownFileType = sourcecode.c.h; path = MKMultiPoint.h; sourceTree = "<group>"; };
		EE31DEE0125A350A00DF3C91 /* MKOverlay.h */ = {isa = PBXFileReference; fileEncoding = 4; lastKnownFileType = sourcecode.c.h; path = MKOverlay.h; sourceTree = "<group>"; };
		EE31DEE1125A350A00DF3C91 /* MKOverlayPathView.h */ = {isa = PBXFileReference; fileEncoding = 4; lastKnownFileType = sourcecode.c.h; path = MKOverlayPathView.h; sourceTree = "<group>"; };
		EE31DEE2125A350A00DF3C91 /* MKOverlayView.h */ = {isa = PBXFileReference; fileEncoding = 4; lastKnownFileType = sourcecode.c.h; path = MKOverlayView.h; sourceTree = "<group>"; };
		EE31DEE3125A350A00DF3C91 /* MKPinAnnotationView.h */ = {isa = PBXFileReference; fileEncoding = 4; lastKnownFileType = sourcecode.c.h; path = MKPinAnnotationView.h; sourceTree = "<group>"; };
		EE31DEE4125A350A00DF3C91 /* MKPlacemark.h */ = {isa = PBXFileReference; fileEncoding = 4; lastKnownFileType = sourcecode.c.h; path = MKPlacemark.h; sourceTree = "<group>"; };
		EE31DEE6125A350A00DF3C91 /* MKPolygon.h */ = {isa = PBXFileReference; fileEncoding = 4; lastKnownFileType = sourcecode.c.h; path = MKPolygon.h; sourceTree = "<group>"; };
		EE31DEE7125A350A00DF3C91 /* MKPolygonView.h */ = {isa = PBXFileReference; fileEncoding = 4; lastKnownFileType = sourcecode.c.h; path = MKPolygonView.h; sourceTree = "<group>"; };
		EE31DEE8125A350A00DF3C91 /* MKPolyline.h */ = {isa = PBXFileReference; fileEncoding = 4; lastKnownFileType = sourcecode.c.h; path = MKPolyline.h; sourceTree = "<group>"; };
		EE31DEE9125A350A00DF3C91 /* MKPolylineView.h */ = {isa = PBXFileReference; fileEncoding = 4; lastKnownFileType = sourcecode.c.h; path = MKPolylineView.h; sourceTree = "<group>"; };
		EE31DEEA125A350A00DF3C91 /* MKReverseGeocoder.h */ = {isa = PBXFileReference; fileEncoding = 4; lastKnownFileType = sourcecode.c.h; path = MKReverseGeocoder.h; sourceTree = "<group>"; };
		EE31DEEB125A350A00DF3C91 /* MKShape.h */ = {isa = PBXFileReference; fileEncoding = 4; lastKnownFileType = sourcecode.c.h; path = MKShape.h; sourceTree = "<group>"; };
		EE31DEEC125A350A00DF3C91 /* MKUserLocation.h */ = {isa = PBXFileReference; fileEncoding = 4; lastKnownFileType = sourcecode.c.h; path = MKUserLocation.h; sourceTree = "<group>"; };
		EE31DF12125A359000DF3C91 /* MKAnnotationView.m */ = {isa = PBXFileReference; fileEncoding = 4; lastKnownFileType = sourcecode.c.objc; path = MKAnnotationView.m; sourceTree = "<group>"; };
		EE31DF14125A359D00DF3C91 /* MKOverlayView.m */ = {isa = PBXFileReference; fileEncoding = 4; lastKnownFileType = sourcecode.c.objc; path = MKOverlayView.m; sourceTree = "<group>"; };
		EE31DF20125A36A600DF3C91 /* MKGeometry.m */ = {isa = PBXFileReference; fileEncoding = 4; lastKnownFileType = sourcecode.c.objc; path = MKGeometry.m; sourceTree = "<group>"; };
		EE31DF22125A385600DF3C91 /* MKPointAnnotation.h */ = {isa = PBXFileReference; fileEncoding = 4; lastKnownFileType = sourcecode.c.h; path = MKPointAnnotation.h; sourceTree = "<group>"; };
		EE69CFD9108DD5A100486DB1 /* mySTEP.make */ = {isa = PBXFileReference; fileEncoding = 4; lastKnownFileType = text; name = mySTEP.make; path = ../mySTEP.make; sourceTree = SOURCE_ROOT; };
		EE9224C7136179BD0010C76C /* MapKitTest.app */ = {isa = PBXFileReference; explicitFileType = wrapper.application; includeInIndex = 0; path = MapKitTest.app; sourceTree = BUILT_PRODUCTS_DIR; };
		EE922505136179DD0010C76C /* English */ = {isa = PBXFileReference; lastKnownFileType = text.rtf; name = English; path = English.lproj/Credits.rtf; sourceTree = "<group>"; };
		EE922507136179DD0010C76C /* English */ = {isa = PBXFileReference; fileEncoding = 4; lastKnownFileType = text.plist.strings; name = English; path = English.lproj/InfoPlist.strings; sourceTree = "<group>"; };
		EE922509136179DD0010C76C /* English */ = {isa = PBXFileReference; lastKnownFileType = file.xib; name = English; path = English.lproj/MainMenu.xib; sourceTree = "<group>"; };
		EE92250B136179DD0010C76C /* English */ = {isa = PBXFileReference; lastKnownFileType = file.xib; name = English; path = English.lproj/MyDocument.xib; sourceTree = "<group>"; };
		EE92250C136179DD0010C76C /* main.m */ = {isa = PBXFileReference; fileEncoding = 4; lastKnownFileType = sourcecode.c.objc; path = main.m; sourceTree = "<group>"; };
		EE92250D136179DD0010C76C /* MapKitTest-Info.plist */ = {isa = PBXFileReference; fileEncoding = 4; lastKnownFileType = text.plist.xml; path = "MapKitTest-Info.plist"; sourceTree = "<group>"; };
		EE922511136179DD0010C76C /* MapKitTest_Prefix.pch */ = {isa = PBXFileReference; fileEncoding = 4; lastKnownFileType = sourcecode.c.h; path = MapKitTest_Prefix.pch; sourceTree = "<group>"; };
		EE922512136179DD0010C76C /* MyDocument.h */ = {isa = PBXFileReference; fileEncoding = 4; lastKnownFileType = sourcecode.c.h; path = MyDocument.h; sourceTree = "<group>"; };
		EE922513136179DD0010C76C /* MyDocument.m */ = {isa = PBXFileReference; fileEncoding = 4; lastKnownFileType = sourcecode.c.objc; path = MyDocument.m; sourceTree = "<group>"; };
		EE9E75581467EB390029F8D8 /* PreinstalledTiles */ = {isa = PBXFileReference; lastKnownFileType = folder; path = PreinstalledTiles; sourceTree = "<group>"; };
		EEAF48EE14697F3C00A1196E /* CLExtensions.h */ = {isa = PBXFileReference; fileEncoding = 4; lastKnownFileType = sourcecode.c.h; path = CLExtensions.h; sourceTree = "<group>"; };
		EEAF48EF14697F3C00A1196E /* CLExtensions.m */ = {isa = PBXFileReference; fileEncoding = 4; lastKnownFileType = sourcecode.c.objc; path = CLExtensions.m; sourceTree = "<group>"; };
		EEAF49C814699FC400A1196E /* CLGeocoder.h */ = {isa = PBXFileReference; fileEncoding = 4; lastKnownFileType = sourcecode.c.h; name = CLGeocoder.h; path = ../CoreLocation/CLGeocoder.h; sourceTree = SOURCE_ROOT; };
		EEAF49C914699FC400A1196E /* CLHeading.h */ = {isa = PBXFileReference; fileEncoding = 4; lastKnownFileType = sourcecode.c.h; name = CLHeading.h; path = ../CoreLocation/CLHeading.h; sourceTree = SOURCE_ROOT; };
		EEAF49CA14699FC400A1196E /* CLPlacemark.h */ = {isa = PBXFileReference; fileEncoding = 4; lastKnownFileType = sourcecode.c.h; name = CLPlacemark.h; path = ../CoreLocation/CLPlacemark.h; sourceTree = SOURCE_ROOT; };
		EEAF49CB14699FC400A1196E /* CLRegion.h */ = {isa = PBXFileReference; fileEncoding = 4; lastKnownFileType = sourcecode.c.h; name = CLRegion.h; path = ../CoreLocation/CLRegion.h; sourceTree = SOURCE_ROOT; };
		EEB23D5512589D3E0018A9F3 /* MapKit.h */ = {isa = PBXFileReference; fileEncoding = 4; lastKnownFileType = sourcecode.c.h; path = MapKit.h; sourceTree = "<group>"; };
		EEB23D5612589D3E0018A9F3 /* MKMapView.h */ = {isa = PBXFileReference; fileEncoding = 4; lastKnownFileType = sourcecode.c.h; path = MKMapView.h; sourceTree = "<group>"; };
		EEB23D5712589D3E0018A9F3 /* MKMapView.m */ = {isa = PBXFileReference; fileEncoding = 4; lastKnownFileType = sourcecode.c.objc; path = MKMapView.m; sourceTree = "<group>"; };
		EEB23D5B12589D4B0018A9F3 /* MapKit_Prefix.pch */ = {isa = PBXFileReference; fileEncoding = 4; lastKnownFileType = sourcecode.c.h; path = MapKit_Prefix.pch; sourceTree = "<group>"; };
		EEB23D7D1258B1F80018A9F3 /* MKTypes.h */ = {isa = PBXFileReference; fileEncoding = 4; lastKnownFileType = sourcecode.c.h; path = MKTypes.h; sourceTree = "<group>"; };
		EEB23D8F1258B5850018A9F3 /* MKGeometry.h */ = {isa = PBXFileReference; fileEncoding = 4; lastKnownFileType = sourcecode.c.h; path = MKGeometry.h; sourceTree = "<group>"; };
		EEB23DB41258B6410018A9F3 /* CoreLocation.framework */ = {isa = PBXFileReference; lastKnownFileType = wrapper.framework; name = CoreLocation.framework; path = /System/Library/Frameworks/CoreLocation.framework; sourceTree = "<absolute>"; };
/* End PBXFileReference section */

/* Begin PBXFrameworksBuildPhase section */
		8DC2EF560486A6940098B216 /* Frameworks */ = {
			isa = PBXFrameworksBuildPhase;
			buildActionMask = 2147483647;
			files = (
				8DC2EF570486A6940098B216 /* Cocoa.framework in Frameworks */,
				EEB23DB51258B6410018A9F3 /* CoreLocation.framework in Frameworks */,
			);
			runOnlyForDeploymentPostprocessing = 0;
		};
		EE9224C5136179BD0010C76C /* Frameworks */ = {
			isa = PBXFrameworksBuildPhase;
			buildActionMask = 2147483647;
			files = (
				EE6D4087137BB5F2003D5863 /* Cocoa.framework in Frameworks */,
				EE6D4082137BB5EF003D5863 /* CoreLocation.framework in Frameworks */,
				EE92252013617A2D0010C76C /* MapKit.framework in Frameworks */,
			);
			runOnlyForDeploymentPostprocessing = 0;
		};
/* End PBXFrameworksBuildPhase section */

/* Begin PBXGroup section */
		034768DFFF38A50411DB9C8B /* Products */ = {
			isa = PBXGroup;
			children = (
				8DC2EF5B0486A6940098B216 /* MapKit.framework */,
				EE9224C7136179BD0010C76C /* MapKitTest.app */,
			);
			name = Products;
			sourceTree = "<group>";
		};
		0867D691FE84028FC02AAC07 /* ScreenSaver */ = {
			isa = PBXGroup;
			children = (
				EE69CFD9108DD5A100486DB1 /* mySTEP.make */,
				08FB77AEFE84172EC02AAC07 /* Classes */,
				32C88DFF0371C24200C91783 /* Other Sources */,
				089C1665FE841158C02AAC07 /* Resources */,
				0867D69AFE84028FC02AAC07 /* External Frameworks and Libraries */,
				EE9224DF136179DD0010C76C /* MapKitTest */,
				034768DFFF38A50411DB9C8B /* Products */,
			);
			name = ScreenSaver;
			sourceTree = "<group>";
		};
		0867D69AFE84028FC02AAC07 /* External Frameworks and Libraries */ = {
			isa = PBXGroup;
			children = (
				1058C7B0FEA5585E11CA2CBB /* Linked Frameworks */,
				1058C7B2FEA5585E11CA2CBB /* Other Frameworks */,
			);
			name = "External Frameworks and Libraries";
			sourceTree = "<group>";
		};
		089C1665FE841158C02AAC07 /* Resources */ = {
			isa = PBXGroup;
			children = (
				8DC2EF5A0486A6940098B216 /* Info.plist */,
				089C1666FE841158C02AAC07 /* InfoPlist.strings */,
				EE9E75581467EB390029F8D8 /* PreinstalledTiles */,
			);
			name = Resources;
			sourceTree = "<group>";
		};
		08FB77AEFE84172EC02AAC07 /* Classes */ = {
			isa = PBXGroup;
			children = (
				EEB23D5512589D3E0018A9F3 /* MapKit.h */,
				EE31DEDB125A350A00DF3C91 /* MKAnnotation.h */,
				EE31DEDC125A350A00DF3C91 /* MKAnnotationView.h */,
				EE31DF12125A359000DF3C91 /* MKAnnotationView.m */,
				EE31DEDD125A350A00DF3C91 /* MKCircle.h */,
				EE31DEDE125A350A00DF3C91 /* MKCircleView.h */,
				EEB23D8F1258B5850018A9F3 /* MKGeometry.h */,
				EE31DF20125A36A600DF3C91 /* MKGeometry.m */,
				EEB23D5612589D3E0018A9F3 /* MKMapView.h */,
				EEB23D5712589D3E0018A9F3 /* MKMapView.m */,
				EE31DEDF125A350A00DF3C91 /* MKMultiPoint.h */,
				EE31DEE0125A350A00DF3C91 /* MKOverlay.h */,
				EE31DEE1125A350A00DF3C91 /* MKOverlayPathView.h */,
				EE31DEE2125A350A00DF3C91 /* MKOverlayView.h */,
				EE31DF14125A359D00DF3C91 /* MKOverlayView.m */,
				EE31DEE3125A350A00DF3C91 /* MKPinAnnotationView.h */,
				EE31DEE4125A350A00DF3C91 /* MKPlacemark.h */,
				EE31DF22125A385600DF3C91 /* MKPointAnnotation.h */,
				EE31DEE6125A350A00DF3C91 /* MKPolygon.h */,
				EE31DEE7125A350A00DF3C91 /* MKPolygonView.h */,
				EE31DEE8125A350A00DF3C91 /* MKPolyline.h */,
				EE31DEE9125A350A00DF3C91 /* MKPolylineView.h */,
				EE31DEEA125A350A00DF3C91 /* MKReverseGeocoder.h */,
				EE31DEEB125A350A00DF3C91 /* MKShape.h */,
				EEB23D7D1258B1F80018A9F3 /* MKTypes.h */,
				EE31DEEC125A350A00DF3C91 /* MKUserLocation.h */,
				EE310664125E2F1C00DF3C91 /* MKUserLocation.m */,
			);
			name = Classes;
			sourceTree = "<group>";
		};
		1058C7B0FEA5585E11CA2CBB /* Linked Frameworks */ = {
			isa = PBXGroup;
			children = (
				EEB23DB41258B6410018A9F3 /* CoreLocation.framework */,
				1058C7B1FEA5585E11CA2CBB /* Cocoa.framework */,
			);
			name = "Linked Frameworks";
			sourceTree = "<group>";
		};
		1058C7B2FEA5585E11CA2CBB /* Other Frameworks */ = {
			isa = PBXGroup;
			children = (
				0867D6A5FE840307C02AAC07 /* AppKit.framework */,
				0867D69BFE84028FC02AAC07 /* Foundation.framework */,
			);
			name = "Other Frameworks";
			sourceTree = "<group>";
		};
		32C88DFF0371C24200C91783 /* Other Sources */ = {
			isa = PBXGroup;
			children = (
				EEB23D5B12589D4B0018A9F3 /* MapKit_Prefix.pch */,
				EEAF49C814699FC400A1196E /* CLGeocoder.h */,
				EEAF49C914699FC400A1196E /* CLHeading.h */,
				EEAF49CA14699FC400A1196E /* CLPlacemark.h */,
				EEAF49CB14699FC400A1196E /* CLRegion.h */,
				EEAF48EE14697F3C00A1196E /* CLExtensions.h */,
				EEAF48EF14697F3C00A1196E /* CLExtensions.m */,
			);
			name = "Other Sources";
			sourceTree = "<group>";
		};
		EE9224DF136179DD0010C76C /* MapKitTest */ = {
			isa = PBXGroup;
			children = (
				EE922504136179DD0010C76C /* Credits.rtf */,
				EE922506136179DD0010C76C /* InfoPlist.strings */,
				EE922508136179DD0010C76C /* MainMenu.xib */,
				EE92250A136179DD0010C76C /* MyDocument.xib */,
				EE92250C136179DD0010C76C /* main.m */,
				EE92250D136179DD0010C76C /* MapKitTest-Info.plist */,
				EE922511136179DD0010C76C /* MapKitTest_Prefix.pch */,
				EE922512136179DD0010C76C /* MyDocument.h */,
				EE922513136179DD0010C76C /* MyDocument.m */,
			);
			path = MapKitTest;
			sourceTree = "<group>";
		};
/* End PBXGroup section */

/* Begin PBXHeadersBuildPhase section */
		8DC2EF500486A6940098B216 /* Headers */ = {
			isa = PBXHeadersBuildPhase;
			buildActionMask = 2147483647;
			files = (
				EEB23D5812589D3E0018A9F3 /* MapKit.h in Headers */,
				EEB23D5912589D3E0018A9F3 /* MKMapView.h in Headers */,
				EEB23D7E1258B1F80018A9F3 /* MKTypes.h in Headers */,
				EEB23D5C12589D4B0018A9F3 /* MapKit_Prefix.pch in Headers */,
				EEB23D901258B5850018A9F3 /* MKGeometry.h in Headers */,
				EE31DEED125A350A00DF3C91 /* MKAnnotation.h in Headers */,
				EE31DEEE125A350A00DF3C91 /* MKAnnotationView.h in Headers */,
				EE31DEEF125A350A00DF3C91 /* MKCircle.h in Headers */,
				EE31DEF0125A350A00DF3C91 /* MKCircleView.h in Headers */,
				EE31DEF1125A350A00DF3C91 /* MKMultiPoint.h in Headers */,
				EE31DEF2125A350A00DF3C91 /* MKOverlay.h in Headers */,
				EE31DEF3125A350A00DF3C91 /* MKOverlayPathView.h in Headers */,
				EE31DEF4125A350A00DF3C91 /* MKOverlayView.h in Headers */,
				EE31DEF5125A350A00DF3C91 /* MKPinAnnotationView.h in Headers */,
				EE31DEF6125A350A00DF3C91 /* MKPlacemark.h in Headers */,
				EE31DEF8125A350A00DF3C91 /* MKPolygon.h in Headers */,
				EE31DEF9125A350A00DF3C91 /* MKPolygonView.h in Headers */,
				EE31DEFA125A350A00DF3C91 /* MKPolyline.h in Headers */,
				EE31DEFB125A350A00DF3C91 /* MKPolylineView.h in Headers */,
				EE31DEFC125A350A00DF3C91 /* MKReverseGeocoder.h in Headers */,
				EE31DEFD125A350A00DF3C91 /* MKShape.h in Headers */,
				EE31DEFE125A350A00DF3C91 /* MKUserLocation.h in Headers */,
				EE31DF23125A385600DF3C91 /* MKPointAnnotation.h in Headers */,
				EEAF48F014697F3C00A1196E /* CLExtensions.h in Headers */,
				EEAF49CC14699FC400A1196E /* CLGeocoder.h in Headers */,
				EEAF49CD14699FC400A1196E /* CLHeading.h in Headers */,
				EEAF49CE14699FC400A1196E /* CLPlacemark.h in Headers */,
				EEAF49CF14699FC400A1196E /* CLRegion.h in Headers */,
			);
			runOnlyForDeploymentPostprocessing = 0;
		};
/* End PBXHeadersBuildPhase section */

/* Begin PBXNativeTarget section */
		8DC2EF4F0486A6940098B216 /* MapKit */ = {
			isa = PBXNativeTarget;
			buildConfigurationList = 1DEB91AD08733DA50010E9CD /* Build configuration list for PBXNativeTarget "MapKit" */;
			buildPhases = (
				8DC2EF500486A6940098B216 /* Headers */,
				8DC2EF520486A6940098B216 /* Resources */,
				8DC2EF540486A6940098B216 /* Sources */,
				8DC2EF560486A6940098B216 /* Frameworks */,
				EEAA841913688AF9000E2336 /* Copy to Library */,
				EE69CFE7108DD93100486DB1 /* ShellScript */,
			);
			buildRules = (
			);
			dependencies = (
			);
			name = MapKit;
			productInstallPath = "$(HOME)/Library/Frameworks";
			productName = ScreenSaver;
			productReference = 8DC2EF5B0486A6940098B216 /* MapKit.framework */;
			productType = "com.apple.product-type.framework";
		};
		EE9224C6136179BD0010C76C /* MapKitTest */ = {
			isa = PBXNativeTarget;
			buildConfigurationList = EE9224CC136179BE0010C76C /* Build configuration list for PBXNativeTarget "MapKitTest" */;
			buildPhases = (
				EE9224C3136179BD0010C76C /* Resources */,
				EE9224C4136179BD0010C76C /* Sources */,
				EE9224C5136179BD0010C76C /* Frameworks */,
				EE92258013617BB00010C76C /* ShellScript */,
			);
			buildRules = (
			);
			dependencies = (
			);
			name = MapKitTest;
			productName = MapKitTest;
			productReference = EE9224C7136179BD0010C76C /* MapKitTest.app */;
			productType = "com.apple.product-type.application";
		};
/* End PBXNativeTarget section */

/* Begin PBXProject section */
		0867D690FE84028FC02AAC07 /* Project object */ = {
			isa = PBXProject;
			buildConfigurationList = 1DEB91B108733DA50010E9CD /* Build configuration list for PBXProject "MapKit" */;
			compatibilityVersion = "Xcode 3.1";
			developmentRegion = English;
			hasScannedForEncodings = 1;
			knownRegions = (
				English,
				Japanese,
				French,
				German,
			);
			mainGroup = 0867D691FE84028FC02AAC07 /* ScreenSaver */;
			productRefGroup = 034768DFFF38A50411DB9C8B /* Products */;
			projectDirPath = "";
			projectRoot = "";
			targets = (
				8DC2EF4F0486A6940098B216 /* MapKit */,
				EE9224C6136179BD0010C76C /* MapKitTest */,
				EE37FADC13B20D53005D28ED /* FetchTiles */,
			);
		};
/* End PBXProject section */

/* Begin PBXResourcesBuildPhase section */
		8DC2EF520486A6940098B216 /* Resources */ = {
			isa = PBXResourcesBuildPhase;
			buildActionMask = 2147483647;
			files = (
				8DC2EF530486A6940098B216 /* InfoPlist.strings in Resources */,
				EE9E755A1467EB390029F8D8 /* PreinstalledTiles in Resources */,
			);
			runOnlyForDeploymentPostprocessing = 0;
		};
		EE9224C3136179BD0010C76C /* Resources */ = {
			isa = PBXResourcesBuildPhase;
			buildActionMask = 2147483647;
			files = (
				EE92251713617A000010C76C /* Credits.rtf in Resources */,
				EE92251813617A000010C76C /* InfoPlist.strings in Resources */,
				EE92251913617A000010C76C /* MainMenu.xib in Resources */,
				EE92251A13617A000010C76C /* MyDocument.xib in Resources */,
			);
			runOnlyForDeploymentPostprocessing = 0;
		};
/* End PBXResourcesBuildPhase section */

/* Begin PBXShellScriptBuildPhase section */
		EE37FADB13B20D53005D28ED /* ShellScript */ = {
			isa = PBXShellScriptBuildPhase;
			buildActionMask = 2147483647;
			files = (
			);
			inputPaths = (
			);
			outputPaths = (
			);
			runOnlyForDeploymentPostprocessing = 0;
			shellPath = /bin/sh;
			shellScript = "# prefetch tiles up to a given zoom factor\n\nz=0\nwhile [ $z -lt 2 ]\n\tdo\n\ti=$(expr 1 '<<' $z)\n\ty=0\n\twhile [ $y -lt $i ]\n\t\tdo\n\t\tx=0\n\t\twhile [ $x -lt $i ]\n\t\t\tdo\n\t\t\tx=$(expr $x + 1)\n\t\t\tURL=http://tile.openstreetmap.org/$z/$x/$y.png\n\t\t\tmkdir -p CachedTiles/$z/$x\n\t\t\tcurl $URL >CachedTiles/$z/$x/$y.png\n\t\t\tdone\n\t\ty=$(expr $y + 1)\n\t\tdone\n\tz=$(expr $z + 1)\n\tdone\nexit 0";
		};
		EE69CFE7108DD93100486DB1 /* ShellScript */ = {
			isa = PBXShellScriptBuildPhase;
			buildActionMask = 2147483647;
			files = (
			);
			inputPaths = (
			);
			outputPaths = (
			);
			runOnlyForDeploymentPostprocessing = 0;
			shellPath = /bin/sh;
			shellScript = "export SOURCES=MK*.m   # all source codes\nexport LIBS=  \t# add any additional libraries like -ltiff etc.\nexport FRAMEWORKS=CoreLocation\t\t\t\t\t# add any additional Frameworks etc.\nexport INSTALL=true                  # will try to install on the Zaurus (using ssh)\nexport INSTALL_PATH=/System/Library/Frameworks   # override INSTALL_PATH for MacOS X machine Zaurus\nexport RUN=false                    # will try to run with X11 and mySTEP\nexport ROOT=$HOME/Documents/Projects/QuantumSTEP\t# project root\nexport DEPENDS=\"quantumstep-corelocation-framework\"\n/usr/bin/make -f $ROOT/System/Sources/Frameworks/mySTEP.make $ACTION\n";
		};
		EE92258013617BB00010C76C /* ShellScript */ = {
			isa = PBXShellScriptBuildPhase;
			buildActionMask = 2147483647;
			files = (
			);
			inputPaths = (
			);
			outputPaths = (
			);
			runOnlyForDeploymentPostprocessing = 0;
			shellPath = /bin/sh;
			shellScript = "export SOURCES=MapKitTest/*.m   # all source codes\nexport LIBS=  \t# add any additional libraries like -ltiff etc.\nexport FRAMEWORKS=\"CoreLocation MapKit\"\t\t\t\t# add any additional Frameworks etc.\nexport INSTALL=true                  # will try to install on the Zaurus (using ssh)\nexport INSTALL_PATH=/Applications/Test   # override INSTALL_PATH for MacOS X machine Zaurus\nexport RUN=true                    # will try to run with X11 and mySTEP\nexport ROOT=$HOME/Documents/Projects/QuantumSTEP\t# project root\nexport DEPENDS=\"quantumstep-mapkit-framework\"\n/usr/bin/make -f $ROOT/System/Sources/Frameworks/mySTEP.make $ACTION\n";
		};
		EEAA841913688AF9000E2336 /* Copy to Library */ = {
			isa = PBXShellScriptBuildPhase;
			buildActionMask = 2147483647;
			files = (
			);
			inputPaths = (
			);
			name = "Copy to Library";
			outputPaths = (
			);
			runOnlyForDeploymentPostprocessing = 0;
			shellPath = /bin/sh;
			shellScript = "pwd \ncd $BUILT_PRODUCTS_DIR\npwd\ntar czf - MapKit.framework | (cd /Library/Frameworks && tar xvzf -)";
		};
/* End PBXShellScriptBuildPhase section */

/* Begin PBXSourcesBuildPhase section */
		8DC2EF540486A6940098B216 /* Sources */ = {
			isa = PBXSourcesBuildPhase;
			buildActionMask = 2147483647;
			files = (
				EEB23D5A12589D3E0018A9F3 /* MKMapView.m in Sources */,
				EE31DF13125A359000DF3C91 /* MKAnnotationView.m in Sources */,
				EE31DF15125A359D00DF3C91 /* MKOverlayView.m in Sources */,
				EE31DF21125A36A600DF3C91 /* MKGeometry.m in Sources */,
				EE310665125E2F1C00DF3C91 /* MKUserLocation.m in Sources */,
				EEAF48F114697F3C00A1196E /* CLExtensions.m in Sources */,
			);
			runOnlyForDeploymentPostprocessing = 0;
		};
		EE9224C4136179BD0010C76C /* Sources */ = {
			isa = PBXSourcesBuildPhase;
			buildActionMask = 2147483647;
			files = (
				EE92251B13617A0A0010C76C /* main.m in Sources */,
				EE92251C13617A0A0010C76C /* MyDocument.m in Sources */,
			);
			runOnlyForDeploymentPostprocessing = 0;
		};
/* End PBXSourcesBuildPhase section */

/* Begin PBXVariantGroup section */
		089C1666FE841158C02AAC07 /* InfoPlist.strings */ = {
			isa = PBXVariantGroup;
			children = (
				089C1667FE841158C02AAC07 /* English */,
			);
			name = InfoPlist.strings;
			sourceTree = "<group>";
		};
		EE922504136179DD0010C76C /* Credits.rtf */ = {
			isa = PBXVariantGroup;
			children = (
				EE922505136179DD0010C76C /* English */,
			);
			name = Credits.rtf;
			sourceTree = "<group>";
		};
		EE922506136179DD0010C76C /* InfoPlist.strings */ = {
			isa = PBXVariantGroup;
			children = (
				EE922507136179DD0010C76C /* English */,
			);
			name = InfoPlist.strings;
			sourceTree = "<group>";
		};
		EE922508136179DD0010C76C /* MainMenu.xib */ = {
			isa = PBXVariantGroup;
			children = (
				EE922509136179DD0010C76C /* English */,
			);
			name = MainMenu.xib;
			sourceTree = "<group>";
		};
		EE92250A136179DD0010C76C /* MyDocument.xib */ = {
			isa = PBXVariantGroup;
			children = (
				EE92250B136179DD0010C76C /* English */,
			);
			name = MyDocument.xib;
			sourceTree = "<group>";
		};
/* End PBXVariantGroup section */

/* Begin XCBuildConfiguration section */
		1DEB91AE08733DA50010E9CD /* Debug */ = {
			isa = XCBuildConfiguration;
			buildSettings = {
				ALWAYS_SEARCH_USER_PATHS = NO;
				ARCHS = "$(ARCHS_STANDARD_32_64_BIT)";
				COPY_PHASE_STRIP = NO;
				DYLIB_COMPATIBILITY_VERSION = 1;
				DYLIB_CURRENT_VERSION = 1;
				FRAMEWORK_VERSION = A;
				GCC_DYNAMIC_NO_PIC = NO;
				GCC_ENABLE_FIX_AND_CONTINUE = YES;
				GCC_MODEL_TUNING = G5;
				GCC_OPTIMIZATION_LEVEL = 0;
				GCC_PRECOMPILE_PREFIX_HEADER = YES;
				GCC_PREFIX_HEADER = MapKit_Prefix.pch;
				GCC_VERSION = "";
				INFOPLIST_FILE = Info.plist;
				INSTALL_PATH = "$(HOME)/Library/Frameworks";
				PRODUCT_NAME = MapKit;
				WRAPPER_EXTENSION = framework;
			};
			name = Debug;
		};
		1DEB91AF08733DA50010E9CD /* Release */ = {
			isa = XCBuildConfiguration;
			buildSettings = {
				ALWAYS_SEARCH_USER_PATHS = NO;
				ARCHS = "$(ARCHS_STANDARD_32_64_BIT)";
				DEBUG_INFORMATION_FORMAT = "dwarf-with-dsym";
				DYLIB_COMPATIBILITY_VERSION = 1;
				DYLIB_CURRENT_VERSION = 1;
				FRAMEWORK_VERSION = A;
				GCC_MODEL_TUNING = G5;
				GCC_PRECOMPILE_PREFIX_HEADER = YES;
				GCC_PREFIX_HEADER = MapKit_Prefix.pch;
				GCC_VERSION = "";
				INFOPLIST_FILE = Info.plist;
				INSTALL_PATH = "$(HOME)/Library/Frameworks";
				PRODUCT_NAME = MapKit;
				WRAPPER_EXTENSION = framework;
			};
			name = Release;
		};
		1DEB91B208733DA50010E9CD /* Debug */ = {
			isa = XCBuildConfiguration;
			buildSettings = {
				ARCHS = "$(ARCHS_STANDARD_32_64_BIT)";
				GCC_C_LANGUAGE_STANDARD = c99;
				GCC_OPTIMIZATION_LEVEL = 0;
				GCC_WARN_ABOUT_RETURN_TYPE = YES;
				GCC_WARN_UNUSED_VARIABLE = YES;
				ONLY_ACTIVE_ARCH = NO;
				PREBINDING = NO;
				SDKROOT = macosx10.6;
			};
			name = Debug;
		};
		1DEB91B308733DA50010E9CD /* Release */ = {
			isa = XCBuildConfiguration;
			buildSettings = {
				ARCHS = "$(ARCHS_STANDARD_32_64_BIT)";
				GCC_C_LANGUAGE_STANDARD = c99;
				GCC_WARN_ABOUT_RETURN_TYPE = YES;
				GCC_WARN_UNUSED_VARIABLE = YES;
				ONLY_ACTIVE_ARCH = NO;
				PREBINDING = NO;
				SDKROOT = macosx10.6;
			};
			name = Release;
		};
		EE37FADD13B20D53005D28ED /* Debug */ = {
			isa = XCBuildConfiguration;
			buildSettings = {
				COPY_PHASE_STRIP = NO;
				GCC_DYNAMIC_NO_PIC = NO;
				GCC_OPTIMIZATION_LEVEL = 0;
				PRODUCT_NAME = FetchTiles;
			};
			name = Debug;
		};
		EE37FADE13B20D53005D28ED /* Release */ = {
			isa = XCBuildConfiguration;
			buildSettings = {
				COPY_PHASE_STRIP = YES;
				DEBUG_INFORMATION_FORMAT = "dwarf-with-dsym";
				GCC_ENABLE_FIX_AND_CONTINUE = NO;
				PRODUCT_NAME = FetchTiles;
				ZERO_LINK = NO;
			};
			name = Release;
		};
		EE9224CA136179BD0010C76C /* Debug */ = {
			isa = XCBuildConfiguration;
			buildSettings = {
				ALWAYS_SEARCH_USER_PATHS = NO;
				ARCHS = "$(ARCHS_STANDARD_32_64_BIT)";
				COPY_PHASE_STRIP = NO;
				GCC_DYNAMIC_NO_PIC = NO;
				GCC_ENABLE_FIX_AND_CONTINUE = YES;
				GCC_MODEL_TUNING = G5;
				GCC_OPTIMIZATION_LEVEL = 0;
				GCC_PRECOMPILE_PREFIX_HEADER = YES;
				GCC_PREFIX_HEADER = "$(SYSTEM_LIBRARY_DIR)/Frameworks/AppKit.framework/Headers/AppKit.h";
				INFOPLIST_FILE = "MapKitTest/MapKitTest-Info.plist";
				INSTALL_PATH = "$(HOME)/Applications";
				OTHER_LDFLAGS = (
					"-framework",
					Foundation,
					"-framework",
					AppKit,
				);
				PREBINDING = NO;
				PRODUCT_NAME = MapKitTest;
			};
			name = Debug;
		};
		EE9224CB136179BD0010C76C /* Release */ = {
			isa = XCBuildConfiguration;
			buildSettings = {
				ALWAYS_SEARCH_USER_PATHS = NO;
				ARCHS = "$(ARCHS_STANDARD_32_64_BIT)";
				COPY_PHASE_STRIP = YES;
				DEBUG_INFORMATION_FORMAT = "dwarf-with-dsym";
				GCC_ENABLE_FIX_AND_CONTINUE = NO;
				GCC_MODEL_TUNING = G5;
				GCC_PRECOMPILE_PREFIX_HEADER = YES;
				GCC_PREFIX_HEADER = "$(SYSTEM_LIBRARY_DIR)/Frameworks/AppKit.framework/Headers/AppKit.h";
				INFOPLIST_FILE = "MapKitTest/MapKitTest-Info.plist";
				INSTALL_PATH = "$(HOME)/Applications";
				OTHER_LDFLAGS = (
					"-framework",
					Foundation,
					"-framework",
					AppKit,
				);
				PREBINDING = NO;
				PRODUCT_NAME = MapKitTest;
				ZERO_LINK = NO;
			};
			name = Release;
		};
/* End XCBuildConfiguration section */

/* Begin XCConfigurationList section */
		1DEB91AD08733DA50010E9CD /* Build configuration list for PBXNativeTarget "MapKit" */ = {
			isa = XCConfigurationList;
			buildConfigurations = (
				1DEB91AE08733DA50010E9CD /* Debug */,
				1DEB91AF08733DA50010E9CD /* Release */,
			);
			defaultConfigurationIsVisible = 0;
			defaultConfigurationName = Release;
		};
		1DEB91B108733DA50010E9CD /* Build configuration list for PBXProject "MapKit" */ = {
			isa = XCConfigurationList;
			buildConfigurations = (
				1DEB91B208733DA50010E9CD /* Debug */,
				1DEB91B308733DA50010E9CD /* Release */,
			);
			defaultConfigurationIsVisible = 0;
			defaultConfigurationName = Release;
		};
		EE37FADF13B20D71005D28ED /* Build configuration list for PBXAggregateTarget "FetchTiles" */ = {
			isa = XCConfigurationList;
			buildConfigurations = (
				EE37FADD13B20D53005D28ED /* Debug */,
				EE37FADE13B20D53005D28ED /* Release */,
			);
			defaultConfigurationIsVisible = 0;
			defaultConfigurationName = Release;
		};
		EE9224CC136179BE0010C76C /* Build configuration list for PBXNativeTarget "MapKitTest" */ = {
			isa = XCConfigurationList;
			buildConfigurations = (
				EE9224CA136179BD0010C76C /* Debug */,
				EE9224CB136179BD0010C76C /* Release */,
			);
			defaultConfigurationIsVisible = 0;
			defaultConfigurationName = Release;
		};
/* End XCConfigurationList section */
	};
	rootObject = 0867D690FE84028FC02AAC07 /* Project object */;
}
